{
  "originHash" : "2be22f772ebe48dc08ec20cadb371e204912e8dfe9712bfedcedf020ecaa9b51",
  "pins" : [
    {
      "identity" : "actionbuildercore",
      "kind" : "remoteSourceControl",
      "location" : "https://github.com/elegantchaos/ActionBuilderCore",
      "state" : {
        "revision" : "d0fe8bfeb14f485cc754933aaf31f9d6afdfc40a",
        "version" : "1.0.9"
      }
    },
    {
      "identity" : "actionbuilderplugin",
      "kind" : "remoteSourceControl",
      "location" : "https://github.com/elegantchaos/ActionBuilderPlugin.git",
      "state" : {
        "revision" : "891d7e54ef8fb99da0c1eb706cfe44c3767adcb0",
        "version" : "1.0.7"
      }
    },
    {
      "identity" : "coercion",
      "kind" : "remoteSourceControl",
      "location" : "https://github.com/elegantchaos/Coercion.git",
      "state" : {
        "revision" : "6872c101780abbe62bfe6e2498a2a3b14813ccd6",
        "version" : "1.0.3"
      }
    },
    {
      "identity" : "datafetcher",
      "kind" : "remoteSourceControl",
      "location" : "https://github.com/elegantchaos/DataFetcher.git",
      "state" : {
        "revision" : "88550e5207654ad19237a578188e4757c919970b",
        "version" : "1.0.2"
      }
    },
    {
      "identity" : "logger",
      "kind" : "remoteSourceControl",
      "location" : "https://github.com/elegantchaos/Logger.git",
      "state" : {
        "revision" : "6957a21c4e02fc03734a460fb8bfcd36dbe8aba8",
        "version" : "2.0.1"
      }
    },
    {
      "identity" : "runner",
      "kind" : "remoteSourceControl",
      "location" : "https://github.com/elegantchaos/Runner",
      "state" : {
        "revision" : "65420eb4e534a58c8fb1bf18e344bc86edb42c65",
        "version" : "1.3.2"
      }
    },
    {
      "identity" : "semanticversion",
      "kind" : "remoteSourceControl",
      "location" : "https://github.com/elegantchaos/SemanticVersion",
      "state" : {
        "revision" : "6bda5a45a2f687a82a0fbb002bee8ad31e44f478",
        "version" : "1.1.0"
      }
    },
    {
      "identity" : "xctestextensions",
      "kind" : "remoteSourceControl",
      "location" : "https://github.com/elegantchaos/XCTestExtensions.git",
      "state" : {
        "revision" : "15991478b5c9bda527a0a59567ad0fa26940f74c",
        "version" : "1.1.2"
      }
    }
  ],
  "version" : 3
}
