{
  "originHash" : "e9361a667b14c79abb02d20db194db6f3f77e0d5613fefc25e19075bc87f4cef",
  "pins" : [
    {
      "identity" : "actionbuildercore",
      "kind" : "remoteSourceControl",
      "location" : "https://github.com/elegantchaos/ActionBuilderCore",
      "state" : {
        "revision" : "490cc0d1d79a01cdb57eab44b5bcbce807302b46",
        "version" : "2.1.1"
      }
    },
    {
      "identity" : "actionbuilderplugin",
      "kind" : "remoteSourceControl",
      "location" : "https://github.com/elegantchaos/ActionBuilderPlugin.git",
      "state" : {
        "revision" : "122da77163518fce77e515b6d75ae13276ebcb25",
        "version" : "2.0.1"
      }
    },
    {
      "identity" : "chaosbytestreams",
      "kind" : "remoteSourceControl",
      "location" : "https://github.com/elegantchaos/ChaosByteStreams.git",
      "state" : {
        "revision" : "01cc58b8d9a01d67ee6669b67db41b2060ea467b",
        "version" : "1.0.7"
      }
    },
    {
      "identity" : "coercion",
      "kind" : "remoteSourceControl",
      "location" : "https://github.com/elegantchaos/Coercion.git",
      "state" : {
        "revision" : "6872c101780abbe62bfe6e2498a2a3b14813ccd6",
        "version" : "1.0.3"
      }
    },
    {
      "identity" : "datafetcher",
      "kind" : "remoteSourceControl",
      "location" : "https://github.com/elegantchaos/DataFetcher.git",
      "state" : {
        "revision" : "88550e5207654ad19237a578188e4757c919970b",
        "version" : "1.0.2"
      }
    },
    {
      "identity" : "logger",
      "kind" : "remoteSourceControl",
      "location" : "https://github.com/elegantchaos/Logger.git",
      "state" : {
        "revision" : "6957a21c4e02fc03734a460fb8bfcd36dbe8aba8",
        "version" : "2.0.1"
      }
    },
    {
      "identity" : "runner",
      "kind" : "remoteSourceControl",
      "location" : "https://github.com/elegantchaos/Runner",
      "state" : {
        "revision" : "ba4b7d5b995d33c82fc1aa51054202caf0aa7297",
        "version" : "2.1.5"
      }
    },
    {
      "identity" : "semanticversion",
      "kind" : "remoteSourceControl",
      "location" : "https://github.com/elegantchaos/SemanticVersion",
      "state" : {
        "revision" : "6bda5a45a2f687a82a0fbb002bee8ad31e44f478",
        "version" : "1.1.0"
      }
    },
    {
      "identity" : "swift-subprocess",
      "kind" : "remoteSourceControl",
      "location" : "https://github.com/swiftlang/swift-subprocess.git",
      "state" : {
        "revision" : "ba5888ad7758cbcbe7abebac37860b1652af2d9c",
        "version" : "0.3.0"
      }
    },
    {
      "identity" : "swift-system",
      "kind" : "remoteSourceControl",
      "location" : "https://github.com/apple/swift-system",
      "state" : {
        "revision" : "7c6ad0fc39d0763e0b699210e4124afd5041c5df",
        "version" : "1.6.4"
      }
    },
    {
      "identity" : "versionator",
      "kind" : "remoteSourceControl",
      "location" : "https://github.com/elegantchaos/Versionator.git",
      "state" : {
        "revision" : "08494f15bafcda943c0c13a80b81307a910bbc01",
        "version" : "2.1.0"
      }
    }
  ],
  "version" : 3
}
