{
  "object": {
    "pins": [
      {
        "package": "Coercion",
        "repositoryURL": "https://github.com/elegantchaos/Coercion.git",
        "state": {
          "branch": null,
          "revision": "6872c101780abbe62bfe6e2498a2a3b14813ccd6",
          "version": "1.0.3"
        }
      },
      {
        "package": "DataFetcher",
        "repositoryURL": "https://github.com/elegantchaos/DataFetcher.git",
        "state": {
          "branch": null,
          "revision": "8440a05c0b3c7145360274c929407c2f6cc8a42d",
          "version": "1.0.1"
        }
      },
      {
        "package": "Logger",
        "repositoryURL": "https://github.com/elegantchaos/Logger.git",
        "state": {
          "branch": null,
          "revision": "e8a0dea5e826a6b3f7d020bd113247274991fb97",
          "version": "1.5.5"
        }
      },
      {
        "package": "XCTestExtensions",
        "repositoryURL": "https://github.com/elegantchaos/XCTestExtensions.git",
        "state": {
          "branch": null,
          "revision": "15991478b5c9bda527a0a59567ad0fa26940f74c",
          "version": "1.1.2"
        }
      }
    ]
  },
  "version": 1
}
